
Microsoft Visual Studio Solution File, Format Version 12.00
# Visual Studio Version 16
VisualStudioVersion = 16.0.28803.202
MinimumVisualStudioVersion = 10.0.40219.1
Project("{FAE04EC0-301F-11D3-BF4B-00C04F79EFBC}") = "IDoctor2", "IDoctor2\IDoctor2.csproj", "{43E50286-93D5-4678-B425-F7B96C62FE75}"
EndProject
Global
	GlobalSection(SolutionConfigurationPlatforms) = preSolution
		Debug|Any CPU = Debug|Any CPU
		Release|Any CPU = Release|Any CPU
	EndGlobalSection
	GlobalSection(ProjectConfigurationPlatforms) = postSolution
		{43E50286-93D5-4678-B425-F7B96C62FE75}.Debug|Any CPU.ActiveCfg = Debug|Any CPU
		{43E50286-93D5-4678-B425-F7B96C62FE75}.Debug|Any CPU.Build.0 = Debug|Any CPU
		{43E50286-93D5-4678-B425-F7B96C62FE75}.Release|Any CPU.ActiveCfg = Release|Any CPU
		{43E50286-93D5-4678-B425-F7B96C62FE75}.Release|Any CPU.Build.0 = Release|Any CPU
	EndGlobalSection
	GlobalSection(SolutionProperties) = preSolution
		HideSolutionNode = FALSE
	EndGlobalSection
	GlobalSection(ExtensibilityGlobals) = postSolution
		SolutionGuid = {20592CC5-DF65-41D7-9ECF-54D6964378D9}
	EndGlobalSection
EndGlobal
